
Microsoft Visual Studio Solution File, Format Version 12.00
# Visual Studio Version 16
VisualStudioVersion = 16.0.30011.22
MinimumVisualStudioVersion = 10.0.40219.1
Project("{FAE04EC0-301F-11D3-BF4B-00C04F79EFBC}") = "TestApp1-11.6.21-CM", "TestApp1-11.6.21-CM.csproj", "{3FDA38E0-BF2D-4FA2-8F20-219BA31FF53D}"
EndProject
Global
	GlobalSection(SolutionConfigurationPlatforms) = preSolution
		Debug|Any CPU = Debug|Any CPU
		Release|Any CPU = Release|Any CPU
	EndGlobalSection
	GlobalSection(ProjectConfigurationPlatforms) = postSolution
		{3FDA38E0-BF2D-4FA2-8F20-219BA31FF53D}.Debug|Any CPU.ActiveCfg = Debug|Any CPU
		{3FDA38E0-BF2D-4FA2-8F20-219BA31FF53D}.Debug|Any CPU.Build.0 = Debug|Any CPU
		{3FDA38E0-BF2D-4FA2-8F20-219BA31FF53D}.Release|Any CPU.ActiveCfg = Release|Any CPU
		{3FDA38E0-BF2D-4FA2-8F20-219BA31FF53D}.Release|Any CPU.Build.0 = Release|Any CPU
	EndGlobalSection
	GlobalSection(SolutionProperties) = preSolution
		HideSolutionNode = FALSE
	EndGlobalSection
	GlobalSection(ExtensibilityGlobals) = postSolution
		SolutionGuid = {2D57E9E7-94AE-407C-BC0B-051DBC194693}
	EndGlobalSection
EndGlobal
